
Microsoft Visual Studio Solution File, Format Version 12.00
# Visual Studio Version 16
VisualStudioVersion = 16.0.29911.84
MinimumVisualStudioVersion = 10.0.40219.1
Project("{888888A0-9F3D-457C-B088-3A5042F75D52}") = "NetworkScience2", "PythonApplication1\NetworkScience2.pyproj", "{63B3B92D-B431-48EB-8DC7-E28F6B218350}"
EndProject
Global
	GlobalSection(SolutionConfigurationPlatforms) = preSolution
		Debug|Any CPU = Debug|Any CPU
		Release|Any CPU = Release|Any CPU
	EndGlobalSection
	GlobalSection(ProjectConfigurationPlatforms) = postSolution
		{63B3B92D-B431-48EB-8DC7-E28F6B218350}.Debug|Any CPU.ActiveCfg = Debug|Any CPU
		{63B3B92D-B431-48EB-8DC7-E28F6B218350}.Release|Any CPU.ActiveCfg = Release|Any CPU
	EndGlobalSection
	GlobalSection(SolutionProperties) = preSolution
		HideSolutionNode = FALSE
	EndGlobalSection
	GlobalSection(ExtensibilityGlobals) = postSolution
		SolutionGuid = {569F64F2-D01D-4E0D-938A-D2DEC9A275B0}
	EndGlobalSection
EndGlobal
